// !$*UTF8*$!
{
	archiveVersion = 1;
	classes = {
	};
	objectVersion = 46;
	objects = {

/* Begin PBXBuildFile section */
		030057A21C5954830005D72A /* AppDelegate.swift in Sources */ = {isa = PBXBuildFile; fileRef = 030057A11C5954830005D72A /* AppDelegate.swift */; };
		030057A41C5954830005D72A /* ViewController.swift in Sources */ = {isa = PBXBuildFile; fileRef = 030057A31C5954830005D72A /* ViewController.swift */; };
		030057A71C5954830005D72A /* Main.storyboard in Resources */ = {isa = PBXBuildFile; fileRef = 030057A51C5954830005D72A /* Main.storyboard */; };
		030057A91C5954830005D72A /* Assets.xcassets in Resources */ = {isa = PBXBuildFile; fileRef = 030057A81C5954830005D72A /* Assets.xcassets */; };
		030057AC1C5954830005D72A /* LaunchScreen.storyboard in Resources */ = {isa = PBXBuildFile; fileRef = 030057AA1C5954830005D72A /* LaunchScreen.storyboard */; };
		030057B71C5954830005D72A /* FoodTrackerTests.swift in Sources */ = {isa = PBXBuildFile; fileRef = 030057B61C5954830005D72A /* FoodTrackerTests.swift */; };
/* End PBXBuildFile section */

/* Begin PBXContainerItemProxy section */
		030057B31C5954830005D72A /* PBXContainerItemProxy */ = {
			isa = PBXContainerItemProxy;
			containerPortal = 030057961C5954830005D72A /* Project object */;
			proxyType = 1;
			remoteGlobalIDString = 0300579D1C5954830005D72A;
			remoteInfo = FoodTracker;
		};
/* End PBXContainerItemProxy section */

/* Begin PBXFileReference section */
		0300579E1C5954830005D72A /* FoodTracker.app */ = {isa = PBXFileReference; explicitFileType = wrapper.application; includeInIndex = 0; path = FoodTracker.app; sourceTree = BUILT_PRODUCTS_DIR; };
		030057A11C5954830005D72A /* AppDelegate.swift */ = {isa = PBXFileReference; lastKnownFileType = sourcecode.swift; path = AppDelegate.swift; sourceTree = "<group>"; };
		030057A31C5954830005D72A /* ViewController.swift */ = {isa = PBXFileReference; lastKnownFileType = sourcecode.swift; path = ViewController.swift; sourceTree = "<group>"; };
		030057A61C5954830005D72A /* Base */ = {isa = PBXFileReference; lastKnownFileType = file.storyboard; name = Base; path = Base.lproj/Main.storyboard; sourceTree = "<group>"; };
		030057A81C5954830005D72A /* Assets.xcassets */ = {isa = PBXFileReference; lastKnownFileType = folder.assetcatalog; path = Assets.xcassets; sourceTree = "<group>"; };
		030057AB1C5954830005D72A /* Base */ = {isa = PBXFileReference; lastKnownFileType = file.storyboard; name = Base; path = Base.lproj/LaunchScreen.storyboard; sourceTree = "<group>"; };
		030057AD1C5954830005D72A /* Info.plist */ = {isa = PBXFileReference; lastKnownFileType = text.plist.xml; path = Info.plist; sourceTree = "<group>"; };
		030057B21C5954830005D72A /* FoodTrackerTests.xctest */ = {isa = PBXFileReference; explicitFileType = wrapper.cfbundle; includeInIndex = 0; path = FoodTrackerTests.xctest; sourceTree = BUILT_PRODUCTS_DIR; };
		030057B61C5954830005D72A /* FoodTrackerTests.swift */ = {isa = PBXFileReference; lastKnownFileType = sourcecode.swift; path = FoodTrackerTests.swift; sourceTree = "<group>"; };
		030057B81C5954830005D72A /* Info.plist */ = {isa = PBXFileReference; lastKnownFileType = text.plist.xml; path = Info.plist; sourceTree = "<group>"; };
/* End PBXFileReference section */

/* Begin PBXFrameworksBuildPhase section */
		0300579B1C5954830005D72A /* Frameworks */ = {
			isa = PBXFrameworksBuildPhase;
			buildActionMask = 2147483647;
			files = (
			);
			runOnlyForDeploymentPostprocessing = 0;
		};
		030057AF1C5954830005D72A /* Frameworks */ = {
			isa = PBXFrameworksBuildPhase;
			buildActionMask = 2147483647;
			files = (
			);
			runOnlyForDeploymentPostprocessing = 0;
		};
/* End PBXFrameworksBuildPhase section */

/* Begin PBXGroup section */
		030057951C5954830005D72A = {
			isa = PBXGroup;
			children = (
				030057A01C5954830005D72A /* FoodTracker */,
				030057B51C5954830005D72A /* FoodTrackerTests */,
				0300579F1C5954830005D72A /* Products */,
			);
			sourceTree = "<group>";
		};
		0300579F1C5954830005D72A /* Products */ = {
			isa = PBXGroup;
			children = (
				0300579E1C5954830005D72A /* FoodTracker.app */,
				030057B21C5954830005D72A /* FoodTrackerTests.xctest */,
			);
			name = Products;
			sourceTree = "<group>";
		};
		030057A01C5954830005D72A /* FoodTracker */ = {
			isa = PBXGroup;
			children = (
				030057A11C5954830005D72A /* AppDelegate.swift */,
				030057A31C5954830005D72A /* ViewController.swift */,
				030057A51C5954830005D72A /* Main.storyboard */,
				030057A81C5954830005D72A /* Assets.xcassets */,
				030057AA1C5954830005D72A /* LaunchScreen.storyboard */,
				030057AD1C5954830005D72A /* Info.plist */,
			);
			path = FoodTracker;
			sourceTree = "<group>";
		};
		030057B51C5954830005D72A /* FoodTrackerTests */ = {
			isa = PBXGroup;
			children = (
				030057B61C5954830005D72A /* FoodTrackerTests.swift */,
				030057B81C5954830005D72A /* Info.plist */,
			);
			path = FoodTrackerTests;
			sourceTree = "<group>";
		};
/* End PBXGroup section */

/* Begin PBXNativeTarget section */
		0300579D1C5954830005D72A /* FoodTracker */ = {
			isa = PBXNativeTarget;
			buildConfigurationList = 030057BB1C5954830005D72A /* Build configuration list for PBXNativeTarget "FoodTracker" */;
			buildPhases = (
				0300579A1C5954830005D72A /* Sources */,
				0300579B1C5954830005D72A /* Frameworks */,
				0300579C1C5954830005D72A /* Resources */,
			);
			buildRules = (
			);
			dependencies = (
			);
			name = FoodTracker;
			productName = FoodTracker;
			productReference = 0300579E1C5954830005D72A /* FoodTracker.app */;
			productType = "com.apple.product-type.application";
		};
		030057B11C5954830005D72A /* FoodTrackerTests */ = {
			isa = PBXNativeTarget;
			buildConfigurationList = 030057BE1C5954830005D72A /* Build configuration list for PBXNativeTarget "FoodTrackerTests" */;
			buildPhases = (
				030057AE1C5954830005D72A /* Sources */,
				030057AF1C5954830005D72A /* Frameworks */,
				030057B01C5954830005D72A /* Resources */,
			);
			buildRules = (
			);
			dependencies = (
				030057B41C5954830005D72A /* PBXTargetDependency */,
			);
			name = FoodTrackerTests;
			productName = FoodTrackerTests;
			productReference = 030057B21C5954830005D72A /* FoodTrackerTests.xctest */;
			productType = "com.apple.product-type.bundle.unit-test";
		};
/* End PBXNativeTarget section */

/* Begin PBXProject section */
		030057961C5954830005D72A /* Project object */ = {
			isa = PBXProject;
			attributes = {
				LastSwiftUpdateCheck = 0720;
				LastUpgradeCheck = 0720;
				ORGANIZATIONNAME = "Dropbox Inc.";
				TargetAttributes = {
					0300579D1C5954830005D72A = {
						CreatedOnToolsVersion = 7.2;
					};
					030057B11C5954830005D72A = {
						CreatedOnToolsVersion = 7.2;
						TestTargetID = 0300579D1C5954830005D72A;
					};
				};
			};
			buildConfigurationList = 030057991C5954830005D72A /* Build configuration list for PBXProject "FoodTracker" */;
			compatibilityVersion = "Xcode 3.2";
			developmentRegion = English;
			hasScannedForEncodings = 0;
			knownRegions = (
				en,
				Base,
			);
			mainGroup = 030057951C5954830005D72A;
			productRefGroup = 0300579F1C5954830005D72A /* Products */;
			projectDirPath = "";
			projectRoot = "";
			targets = (
				0300579D1C5954830005D72A /* FoodTracker */,
				030057B11C5954830005D72A /* FoodTrackerTests */,
			);
		};
/* End PBXProject section */

/* Begin PBXResourcesBuildPhase section */
		0300579C1C5954830005D72A /* Resources */ = {
			isa = PBXResourcesBuildPhase;
			buildActionMask = 2147483647;
			files = (
				030057AC1C5954830005D72A /* LaunchScreen.storyboard in Resources */,
				030057A91C5954830005D72A /* Assets.xcassets in Resources */,
				030057A71C5954830005D72A /* Main.storyboard in Resources */,
			);
			runOnlyForDeploymentPostprocessing = 0;
		};
		030057B01C5954830005D72A /* Resources */ = {
			isa = PBXResourcesBuildPhase;
			buildActionMask = 2147483647;
			files = (
			);
			runOnlyForDeploymentPostprocessing = 0;
		};
/* End PBXResourcesBuildPhase section */

/* Begin PBXSourcesBuildPhase section */
		0300579A1C5954830005D72A /* Sources */ = {
			isa = PBXSourcesBuildPhase;
			buildActionMask = 2147483647;
			files = (
				030057A41C5954830005D72A /* ViewController.swift in Sources */,
				030057A21C5954830005D72A /* AppDelegate.swift in Sources */,
			);
			runOnlyForDeploymentPostprocessing = 0;
		};
		030057AE1C5954830005D72A /* Sources */ = {
			isa = PBXSourcesBuildPhase;
			buildActionMask = 2147483647;
			files = (
				030057B71C5954830005D72A /* FoodTrackerTests.swift in Sources */,
			);
			runOnlyForDeploymentPostprocessing = 0;
		};
/* End PBXSourcesBuildPhase section */

/* Begin PBXTargetDependency section */
		030057B41C5954830005D72A /* PBXTargetDependency */ = {
			isa = PBXTargetDependency;
			target = 0300579D1C5954830005D72A /* FoodTracker */;
			targetProxy = 030057B31C5954830005D72A /* PBXContainerItemProxy */;
		};
/* End PBXTargetDependency section */

/* Begin PBXVariantGroup section */
		030057A51C5954830005D72A /* Main.storyboard */ = {
			isa = PBXVariantGroup;
			children = (
				030057A61C5954830005D72A /* Base */,
			);
			name = Main.storyboard;
			sourceTree = "<group>";
		};
		030057AA1C5954830005D72A /* LaunchScreen.storyboard */ = {
			isa = PBXVariantGroup;
			children = (
				030057AB1C5954830005D72A /* Base */,
			);
			name = LaunchScreen.storyboard;
			sourceTree = "<group>";
		};
/* End PBXVariantGroup section */

/* Begin XCBuildConfiguration section */
		030057B91C5954830005D72A /* Debug */ = {
			isa = XCBuildConfiguration;
			buildSettings = {
				ALWAYS_SEARCH_USER_PATHS = NO;
				CLANG_CXX_LANGUAGE_STANDARD = "gnu++0x";
				CLANG_CXX_LIBRARY = "libc++";
				CLANG_ENABLE_MODULES = YES;
				CLANG_ENABLE_OBJC_ARC = YES;
				CLANG_WARN_BOOL_CONVERSION = YES;
				CLANG_WARN_CONSTANT_CONVERSION = YES;
				CLANG_WARN_DIRECT_OBJC_ISA_USAGE = YES_ERROR;
				CLANG_WARN_EMPTY_BODY = YES;
				CLANG_WARN_ENUM_CONVERSION = YES;
				CLANG_WARN_INT_CONVERSION = YES;
				CLANG_WARN_OBJC_ROOT_CLASS = YES_ERROR;
				CLANG_WARN_UNREACHABLE_CODE = YES;
				CLANG_WARN__DUPLICATE_METHOD_MATCH = YES;
				"CODE_SIGN_IDENTITY[sdk=iphoneos*]" = "iPhone Developer";
				COPY_PHASE_STRIP = NO;
				DEBUG_INFORMATION_FORMAT = dwarf;
				ENABLE_STRICT_OBJC_MSGSEND = YES;
				ENABLE_TESTABILITY = YES;
				GCC_C_LANGUAGE_STANDARD = gnu99;
				GCC_DYNAMIC_NO_PIC = NO;
				GCC_NO_COMMON_BLOCKS = YES;
				GCC_OPTIMIZATION_LEVEL = 0;
				GCC_PREPROCESSOR_DEFINITIONS = (
					"DEBUG=1",
					"$(inherited)",
				);
				GCC_WARN_64_TO_32_BIT_CONVERSION = YES;
				GCC_WARN_ABOUT_RETURN_TYPE = YES_ERROR;
				GCC_WARN_UNDECLARED_SELECTOR = YES;
				GCC_WARN_UNINITIALIZED_AUTOS = YES_AGGRESSIVE;
				GCC_WARN_UNUSED_FUNCTION = YES;
				GCC_WARN_UNUSED_VARIABLE = YES;
				IPHONEOS_DEPLOYMENT_TARGET = 9.2;
				MTL_ENABLE_DEBUG_INFO = YES;
				ONLY_ACTIVE_ARCH = YES;
				SDKROOT = iphoneos;
				SWIFT_OPTIMIZATION_LEVEL = "-Onone";
				TARGETED_DEVICE_FAMILY = "1,2";
			};
			name = Debug;
		};
		030057BA1C5954830005D72A /* Release */ = {
			isa = XCBuildConfiguration;
			buildSettings = {
				ALWAYS_SEARCH_USER_PATHS = NO;
				CLANG_CXX_LANGUAGE_STANDARD = "gnu++0x";
				CLANG_CXX_LIBRARY = "libc++";
				CLANG_ENABLE_MODULES = YES;
				CLANG_ENABLE_OBJC_ARC = YES;
				CLANG_WARN_BOOL_CONVERSION = YES;
				CLANG_WARN_CONSTANT_CONVERSION = YES;
				CLANG_WARN_DIRECT_OBJC_ISA_USAGE = YES_ERROR;
				CLANG_WARN_EMPTY_BODY = YES;
				CLANG_WARN_ENUM_CONVERSION = YES;
				CLANG_WARN_INT_CONVERSION = YES;
				CLANG_WARN_OBJC_ROOT_CLASS = YES_ERROR;
				CLANG_WARN_UNREACHABLE_CODE = YES;
				CLANG_WARN__DUPLICATE_METHOD_MATCH = YES;
				"CODE_SIGN_IDENTITY[sdk=iphoneos*]" = "iPhone Developer";
				COPY_PHASE_STRIP = NO;
				DEBUG_INFORMATION_FORMAT = "dwarf-with-dsym";
				ENABLE_NS_ASSERTIONS = NO;
				ENABLE_STRICT_OBJC_MSGSEND = YES;
				GCC_C_LANGUAGE_STANDARD = gnu99;
				GCC_NO_COMMON_BLOCKS = YES;
				GCC_WARN_64_TO_32_BIT_CONVERSION = YES;
				GCC_WARN_ABOUT_RETURN_TYPE = YES_ERROR;
				GCC_WARN_UNDECLARED_SELECTOR = YES;
				GCC_WARN_UNINITIALIZED_AUTOS = YES_AGGRESSIVE;
				GCC_WARN_UNUSED_FUNCTION = YES;
				GCC_WARN_UNUSED_VARIABLE = YES;
				IPHONEOS_DEPLOYMENT_TARGET = 9.2;
				MTL_ENABLE_DEBUG_INFO = NO;
				SDKROOT = iphoneos;
				TARGETED_DEVICE_FAMILY = "1,2";
				VALIDATE_PRODUCT = YES;
			};
			name = Release;
		};
		030057BC1C5954830005D72A /* Debug */ = {
			isa = XCBuildConfiguration;
			buildSettings = {
				ASSETCATALOG_COMPILER_APPICON_NAME = AppIcon;
				INFOPLIST_FILE = FoodTracker/Info.plist;
				LD_RUNPATH_SEARCH_PATHS = "$(inherited) @executable_path/Frameworks";
				PRODUCT_BUNDLE_IDENTIFIER = com.example.FoodTracker;
				PRODUCT_NAME = "$(TARGET_NAME)";
			};
			name = Debug;
		};
		030057BD1C5954830005D72A /* Release */ = {
			isa = XCBuildConfiguration;
			buildSettings = {
				ASSETCATALOG_COMPILER_APPICON_NAME = AppIcon;
				INFOPLIST_FILE = FoodTracker/Info.plist;
				LD_RUNPATH_SEARCH_PATHS = "$(inherited) @executable_path/Frameworks";
				PRODUCT_BUNDLE_IDENTIFIER = com.example.FoodTracker;
				PRODUCT_NAME = "$(TARGET_NAME)";
			};
			name = Release;
		};
		030057BF1C5954830005D72A /* Debug */ = {
			isa = XCBuildConfiguration;
			buildSettings = {
				BUNDLE_LOADER = "$(TEST_HOST)";
				INFOPLIST_FILE = FoodTrackerTests/Info.plist;
				LD_RUNPATH_SEARCH_PATHS = "$(inherited) @executable_path/Frameworks @loader_path/Frameworks";
				PRODUCT_BUNDLE_IDENTIFIER = com.example.FoodTrackerTests;
				PRODUCT_NAME = "$(TARGET_NAME)";
				TEST_HOST = "$(BUILT_PRODUCTS_DIR)/FoodTracker.app/FoodTracker";
			};
			name = Debug;
		};
		030057C01C5954830005D72A /* Release */ = {
			isa = XCBuildConfiguration;
			buildSettings = {
				BUNDLE_LOADER = "$(TEST_HOST)";
				INFOPLIST_FILE = FoodTrackerTests/Info.plist;
				LD_RUNPATH_SEARCH_PATHS = "$(inherited) @executable_path/Frameworks @loader_path/Frameworks";
				PRODUCT_BUNDLE_IDENTIFIER = com.example.FoodTrackerTests;
				PRODUCT_NAME = "$(TARGET_NAME)";
				TEST_HOST = "$(BUILT_PRODUCTS_DIR)/FoodTracker.app/FoodTracker";
			};
			name = Release;
		};
/* End XCBuildConfiguration section */

/* Begin XCConfigurationList section */
		030057991C5954830005D72A /* Build configuration list for PBXProject "FoodTracker" */ = {
			isa = XCConfigurationList;
			buildConfigurations = (
				030057B91C5954830005D72A /* Debug */,
				030057BA1C5954830005D72A /* Release */,
			);
			defaultConfigurationIsVisible = 0;
			defaultConfigurationName = Release;
		};
		030057BB1C5954830005D72A /* Build configuration list for PBXNativeTarget "FoodTracker" */ = {
			isa = XCConfigurationList;
			buildConfigurations = (
				030057BC1C5954830005D72A /* Debug */,
				030057BD1C5954830005D72A /* Release */,
			);
			defaultConfigurationIsVisible = 0;
		};
		030057BE1C5954830005D72A /* Build configuration list for PBXNativeTarget "FoodTrackerTests" */ = {
			isa = XCConfigurationList;
			buildConfigurations = (
				030057BF1C5954830005D72A /* Debug */,
				030057C01C5954830005D72A /* Release */,
			);
			defaultConfigurationIsVisible = 0;
		};
/* End XCConfigurationList section */
	};
	rootObject = 030057961C5954830005D72A /* Project object */;
}
